{
  "name": "apstory-logger8",
  "version": "0.0.1",
  "lockfileVersion": 1,
  "requires": true,
  "dependencies": {
    "@types/applicationinsights-js": {
      "version": "1.0.9",
      "resolved": "https://registry.npmjs.org/@types/applicationinsights-js/-/applicationinsights-js-1.0.9.tgz",
      "integrity": "sha512-tf2BBQFIRgaoxkii5Ys4Q2nvhPQ2PFt9FfgDc+xL7+XPi3s4ScqzRuAn8FRBCglnyzVvwEznOtdfqGREzUOkCw==",
      "dev": true
    },
    "applicationinsights-js": {
      "version": "1.0.20",
      "resolved": "https://registry.npmjs.org/applicationinsights-js/-/applicationinsights-js-1.0.20.tgz",
      "integrity": "sha512-vN6fEv2fNPZtw76/mv5OJ44cTP/VzSDahdXVIGnRB5Apnf2/9PIl4IyWpwS9biG53I1sWvkw83RjdrAnsIKoRQ=="
    }
  }
}
